
Microsoft Visual Studio Solution File, Format Version 12.00
# Visual Studio Version 16
VisualStudioVersion = 16.0.31613.86
MinimumVisualStudioVersion = 10.0.40219.1
Project("{FAE04EC0-301F-11D3-BF4B-00C04F79EFBC}") = "Lab.ProdutoReview.Api", "src\Api\Lab.ProdutoReview.Api\Lab.ProdutoReview.Api.csproj", "{57B66534-9704-452D-A6A9-5440748D562D}"
EndProject
Global
	GlobalSection(SolutionConfigurationPlatforms) = preSolution
		Debug|Any CPU = Debug|Any CPU
		Release|Any CPU = Release|Any CPU
	EndGlobalSection
	GlobalSection(ProjectConfigurationPlatforms) = postSolution
		{57B66534-9704-452D-A6A9-5440748D562D}.Debug|Any CPU.ActiveCfg = Debug|Any CPU
		{57B66534-9704-452D-A6A9-5440748D562D}.Debug|Any CPU.Build.0 = Debug|Any CPU
		{57B66534-9704-452D-A6A9-5440748D562D}.Release|Any CPU.ActiveCfg = Release|Any CPU
		{57B66534-9704-452D-A6A9-5440748D562D}.Release|Any CPU.Build.0 = Release|Any CPU
	EndGlobalSection
	GlobalSection(SolutionProperties) = preSolution
		HideSolutionNode = FALSE
	EndGlobalSection
	GlobalSection(ExtensibilityGlobals) = postSolution
		SolutionGuid = {C29AC5B2-3D38-444E-A4B9-E6224895C54F}
	EndGlobalSection
EndGlobal
